
Microsoft Visual Studio Solution File, Format Version 12.00
# Visual Studio Version 17
VisualStudioVersion = 17.13.35825.156 d17.13
MinimumVisualStudioVersion = 10.0.40219.1
Project("{FAE04EC0-301F-11D3-BF4B-00C04F79EFBC}") = "WinFormsApp3", "WinFormsApp3\WinFormsApp3.csproj", "{AD85B99E-BC6D-4716-9778-189D819CB43D}"
EndProject
Global
	GlobalSection(SolutionConfigurationPlatforms) = preSolution
		Debug|Any CPU = Debug|Any CPU
		Release|Any CPU = Release|Any CPU
	EndGlobalSection
	GlobalSection(ProjectConfigurationPlatforms) = postSolution
		{AD85B99E-BC6D-4716-9778-189D819CB43D}.Debug|Any CPU.ActiveCfg = Debug|Any CPU
		{AD85B99E-BC6D-4716-9778-189D819CB43D}.Debug|Any CPU.Build.0 = Debug|Any CPU
		{AD85B99E-BC6D-4716-9778-189D819CB43D}.Release|Any CPU.ActiveCfg = Release|Any CPU
		{AD85B99E-BC6D-4716-9778-189D819CB43D}.Release|Any CPU.Build.0 = Release|Any CPU
	EndGlobalSection
	GlobalSection(SolutionProperties) = preSolution
		HideSolutionNode = FALSE
	EndGlobalSection
	GlobalSection(ExtensibilityGlobals) = postSolution
		SolutionGuid = {676FF64E-D5C8-4569-AA6A-F0B131E39422}
	EndGlobalSection
EndGlobal
