
Microsoft Visual Studio Solution File, Format Version 12.00
# Visual Studio Version 17
VisualStudioVersion = 17.13.35825.156 d17.13
MinimumVisualStudioVersion = 10.0.40219.1
Project("{FAE04EC0-301F-11D3-BF4B-00C04F79EFBC}") = "VisualStudio Ders1", "VisualStudio Ders1\VisualStudio Ders1.csproj", "{4AF25EDA-5652-41AF-ACCE-8138453319B1}"
EndProject
Global
	GlobalSection(SolutionConfigurationPlatforms) = preSolution
		Debug|Any CPU = Debug|Any CPU
		Release|Any CPU = Release|Any CPU
	EndGlobalSection
	GlobalSection(ProjectConfigurationPlatforms) = postSolution
		{4AF25EDA-5652-41AF-ACCE-8138453319B1}.Debug|Any CPU.ActiveCfg = Debug|Any CPU
		{4AF25EDA-5652-41AF-ACCE-8138453319B1}.Debug|Any CPU.Build.0 = Debug|Any CPU
		{4AF25EDA-5652-41AF-ACCE-8138453319B1}.Release|Any CPU.ActiveCfg = Release|Any CPU
		{4AF25EDA-5652-41AF-ACCE-8138453319B1}.Release|Any CPU.Build.0 = Release|Any CPU
	EndGlobalSection
	GlobalSection(SolutionProperties) = preSolution
		HideSolutionNode = FALSE
	EndGlobalSection
	GlobalSection(ExtensibilityGlobals) = postSolution
		SolutionGuid = {3C15638E-7494-4F19-9F64-7AE1C7BCA26A}
	EndGlobalSection
EndGlobal
